
Microsoft Visual Studio Solution File, Format Version 12.00
# Visual Studio 15
Project("{FAE04EC0-301F-11D3-BF4B-00C04F79EFBC}") = "Assembly-CSharp", "Assembly-CSharp.csproj", "{FD5E04A2-AEAF-F43D-80C6-376DB270B968}"
EndProject
Project("{FAE04EC0-301F-11D3-BF4B-00C04F79EFBC}") = "Assembly-CSharp-Editor", "Assembly-CSharp-Editor.csproj", "{F980D020-4411-7DF9-0D34-62508D4E7065}"
EndProject
Global
	GlobalSection(SolutionConfigurationPlatforms) = preSolution
		Debug|Any CPU = Debug|Any CPU
		Release|Any CPU = Release|Any CPU
	EndGlobalSection
	GlobalSection(ProjectConfigurationPlatforms) = postSolution
		{FD5E04A2-AEAF-F43D-80C6-376DB270B968}.Debug|Any CPU.ActiveCfg = Debug|Any CPU
		{FD5E04A2-AEAF-F43D-80C6-376DB270B968}.Debug|Any CPU.Build.0 = Debug|Any CPU
		{FD5E04A2-AEAF-F43D-80C6-376DB270B968}.Release|Any CPU.ActiveCfg = Release|Any CPU
		{FD5E04A2-AEAF-F43D-80C6-376DB270B968}.Release|Any CPU.Build.0 = Release|Any CPU
		{F980D020-4411-7DF9-0D34-62508D4E7065}.Debug|Any CPU.ActiveCfg = Debug|Any CPU
		{F980D020-4411-7DF9-0D34-62508D4E7065}.Debug|Any CPU.Build.0 = Debug|Any CPU
		{F980D020-4411-7DF9-0D34-62508D4E7065}.Release|Any CPU.ActiveCfg = Release|Any CPU
		{F980D020-4411-7DF9-0D34-62508D4E7065}.Release|Any CPU.Build.0 = Release|Any CPU
	EndGlobalSection
	GlobalSection(SolutionProperties) = preSolution
		HideSolutionNode = FALSE
	EndGlobalSection
EndGlobal
